{
  "name": "csc437-interactive-website",
  "lockfileVersion": 3,
  "requires": true,
  "packages": {
    "": {
      "dependencies": {
        "pokemon-sprites": "github:PokeAPI/sprites"
      }
    },
    "node_modules/pokemon-sprites": {
      "version": "1.0.0",
      "resolved": "git+ssh://git@github.com/PokeAPI/sprites.git#eb473a5fc7e6ccd1705d5498d4e5945c05815c74",
      "license": "ISC"
    }
  }
}
